
Microsoft Visual Studio Solution File, Format Version 12.00
# Visual Studio Version 16
VisualStudioVersion = 16.0.30114.128
MinimumVisualStudioVersion = 10.0.40219.1
Project("{8BC9CEB8-8B4A-11D0-8D11-00A0C91BC942}") = "sparrdrem-downloader", "sparrdrem-downloader\sparrdrem-downloader.vcxproj", "{794D9205-86EF-4EBC-B437-93B53926428C}"
EndProject
Project("{8BC9CEB8-8B4A-11D0-8D11-00A0C91BC942}") = "downloaddb", "downloaddb\downloaddb.vcxproj", "{21976195-AA70-4981-B909-6D3DEBA1B17C}"
EndProject
Global
	GlobalSection(SolutionConfigurationPlatforms) = preSolution
		Debug|x64 = Debug|x64
		Debug|x86 = Debug|x86
		Release|x64 = Release|x64
		Release|x86 = Release|x86
	EndGlobalSection
	GlobalSection(ProjectConfigurationPlatforms) = postSolution
		{794D9205-86EF-4EBC-B437-93B53926428C}.Debug|x64.ActiveCfg = Debug|x64
		{794D9205-86EF-4EBC-B437-93B53926428C}.Debug|x64.Build.0 = Debug|x64
		{794D9205-86EF-4EBC-B437-93B53926428C}.Debug|x86.ActiveCfg = Debug|Win32
		{794D9205-86EF-4EBC-B437-93B53926428C}.Debug|x86.Build.0 = Debug|Win32
		{794D9205-86EF-4EBC-B437-93B53926428C}.Release|x64.ActiveCfg = Release|x64
		{794D9205-86EF-4EBC-B437-93B53926428C}.Release|x64.Build.0 = Release|x64
		{794D9205-86EF-4EBC-B437-93B53926428C}.Release|x86.ActiveCfg = Release|Win32
		{794D9205-86EF-4EBC-B437-93B53926428C}.Release|x86.Build.0 = Release|Win32
		{21976195-AA70-4981-B909-6D3DEBA1B17C}.Debug|x64.ActiveCfg = Debug|x64
		{21976195-AA70-4981-B909-6D3DEBA1B17C}.Debug|x64.Build.0 = Debug|x64
		{21976195-AA70-4981-B909-6D3DEBA1B17C}.Debug|x86.ActiveCfg = Debug|Win32
		{21976195-AA70-4981-B909-6D3DEBA1B17C}.Debug|x86.Build.0 = Debug|Win32
		{21976195-AA70-4981-B909-6D3DEBA1B17C}.Release|x64.ActiveCfg = Release|x64
		{21976195-AA70-4981-B909-6D3DEBA1B17C}.Release|x64.Build.0 = Release|x64
		{21976195-AA70-4981-B909-6D3DEBA1B17C}.Release|x86.ActiveCfg = Release|Win32
		{21976195-AA70-4981-B909-6D3DEBA1B17C}.Release|x86.Build.0 = Release|Win32
	EndGlobalSection
	GlobalSection(SolutionProperties) = preSolution
		HideSolutionNode = FALSE
	EndGlobalSection
	GlobalSection(ExtensibilityGlobals) = postSolution
		SolutionGuid = {95F19BD9-AAA9-45DC-A325-B327F3EE9C5E}
	EndGlobalSection
EndGlobal
